// !$*UTF8*$!
{
	archiveVersion = 1;
	classes = {
	};
	objectVersion = 50;
	objects = {

/* Begin PBXBuildFile section */
		98050C44256F39A8005B32AC /* MusicCell.swift in Sources */ = {isa = PBXBuildFile; fileRef = 98050C43256F39A8005B32AC /* MusicCell.swift */; };
		98050C47256F8936005B32AC /* Music.swift in Sources */ = {isa = PBXBuildFile; fileRef = 98050C46256F8936005B32AC /* Music.swift */; };
		98050C4B256F8ABB005B32AC /* DownloadService.swift in Sources */ = {isa = PBXBuildFile; fileRef = 98050C4A256F8ABB005B32AC /* DownloadService.swift */; };
		98050C4D256F8D3A005B32AC /* QueryService.swift in Sources */ = {isa = PBXBuildFile; fileRef = 98050C4C256F8D3A005B32AC /* QueryService.swift */; };
		98050C4F256F911E005B32AC /* ErrorMessage.swift in Sources */ = {isa = PBXBuildFile; fileRef = 98050C4E256F911E005B32AC /* ErrorMessage.swift */; };
		98166665257245B6008CBE30 /* NetworkMonitor.swift in Sources */ = {isa = PBXBuildFile; fileRef = 98166664257245B6008CBE30 /* NetworkMonitor.swift */; };
		982F8D0E256EAED000A5968F /* AppDelegate.swift in Sources */ = {isa = PBXBuildFile; fileRef = 982F8D0D256EAED000A5968F /* AppDelegate.swift */; };
		982F8D15256EAED000A5968F /* Main.storyboard in Resources */ = {isa = PBXBuildFile; fileRef = 982F8D13256EAED000A5968F /* Main.storyboard */; };
		982F8D17256EAED100A5968F /* Assets.xcassets in Resources */ = {isa = PBXBuildFile; fileRef = 982F8D16256EAED100A5968F /* Assets.xcassets */; };
		982F8D1A256EAED100A5968F /* LaunchScreen.storyboard in Resources */ = {isa = PBXBuildFile; fileRef = 982F8D18256EAED100A5968F /* LaunchScreen.storyboard */; };
		982F8D25256EBED100A5968F /* MusicViewController.swift in Sources */ = {isa = PBXBuildFile; fileRef = 982F8D24256EBED100A5968F /* MusicViewController.swift */; };
		EE1D39832570D236007D4682 /* Extension.swift in Sources */ = {isa = PBXBuildFile; fileRef = EE1D39822570D236007D4682 /* Extension.swift */; };
/* End PBXBuildFile section */

/* Begin PBXFileReference section */
		98050C43256F39A8005B32AC /* MusicCell.swift */ = {isa = PBXFileReference; lastKnownFileType = sourcecode.swift; path = MusicCell.swift; sourceTree = "<group>"; };
		98050C46256F8936005B32AC /* Music.swift */ = {isa = PBXFileReference; lastKnownFileType = sourcecode.swift; path = Music.swift; sourceTree = "<group>"; };
		98050C4A256F8ABB005B32AC /* DownloadService.swift */ = {isa = PBXFileReference; lastKnownFileType = sourcecode.swift; path = DownloadService.swift; sourceTree = "<group>"; };
		98050C4C256F8D3A005B32AC /* QueryService.swift */ = {isa = PBXFileReference; lastKnownFileType = sourcecode.swift; path = QueryService.swift; sourceTree = "<group>"; };
		98050C4E256F911E005B32AC /* ErrorMessage.swift */ = {isa = PBXFileReference; lastKnownFileType = sourcecode.swift; path = ErrorMessage.swift; sourceTree = "<group>"; };
		98166664257245B6008CBE30 /* NetworkMonitor.swift */ = {isa = PBXFileReference; lastKnownFileType = sourcecode.swift; path = NetworkMonitor.swift; sourceTree = "<group>"; };
		982F8D0A256EAED000A5968F /* ITunesMusic.app */ = {isa = PBXFileReference; explicitFileType = wrapper.application; includeInIndex = 0; path = ITunesMusic.app; sourceTree = BUILT_PRODUCTS_DIR; };
		982F8D0D256EAED000A5968F /* AppDelegate.swift */ = {isa = PBXFileReference; lastKnownFileType = sourcecode.swift; path = AppDelegate.swift; sourceTree = "<group>"; };
		982F8D14256EAED000A5968F /* Base */ = {isa = PBXFileReference; lastKnownFileType = file.storyboard; name = Base; path = Base.lproj/Main.storyboard; sourceTree = "<group>"; };
		982F8D16256EAED100A5968F /* Assets.xcassets */ = {isa = PBXFileReference; lastKnownFileType = folder.assetcatalog; path = Assets.xcassets; sourceTree = "<group>"; };
		982F8D19256EAED100A5968F /* Base */ = {isa = PBXFileReference; lastKnownFileType = file.storyboard; name = Base; path = Base.lproj/LaunchScreen.storyboard; sourceTree = "<group>"; };
		982F8D1B256EAED100A5968F /* Info.plist */ = {isa = PBXFileReference; lastKnownFileType = text.plist.xml; path = Info.plist; sourceTree = "<group>"; };
		982F8D24256EBED100A5968F /* MusicViewController.swift */ = {isa = PBXFileReference; lastKnownFileType = sourcecode.swift; path = MusicViewController.swift; sourceTree = "<group>"; };
		EE1D39822570D236007D4682 /* Extension.swift */ = {isa = PBXFileReference; lastKnownFileType = sourcecode.swift; path = Extension.swift; sourceTree = "<group>"; };
/* End PBXFileReference section */

/* Begin PBXFrameworksBuildPhase section */
		982F8D07256EAED000A5968F /* Frameworks */ = {
			isa = PBXFrameworksBuildPhase;
			buildActionMask = 2147483647;
			files = (
			);
			runOnlyForDeploymentPostprocessing = 0;
		};
/* End PBXFrameworksBuildPhase section */

/* Begin PBXGroup section */
		98050C42256F3989005B32AC /* Custom */ = {
			isa = PBXGroup;
			children = (
				98050C43256F39A8005B32AC /* MusicCell.swift */,
				EE1D39822570D236007D4682 /* Extension.swift */,
			);
			path = Custom;
			sourceTree = "<group>";
		};
		98050C45256F84A8005B32AC /* Model */ = {
			isa = PBXGroup;
			children = (
				98050C46256F8936005B32AC /* Music.swift */,
				98050C4E256F911E005B32AC /* ErrorMessage.swift */,
			);
			path = Model;
			sourceTree = "<group>";
		};
		98050C49256F8A87005B32AC /* NetworkService */ = {
			isa = PBXGroup;
			children = (
				98050C4A256F8ABB005B32AC /* DownloadService.swift */,
				98050C4C256F8D3A005B32AC /* QueryService.swift */,
				98166664257245B6008CBE30 /* NetworkMonitor.swift */,
			);
			path = NetworkService;
			sourceTree = "<group>";
		};
		982F8D01256EAED000A5968F = {
			isa = PBXGroup;
			children = (
				982F8D0C256EAED000A5968F /* ITunesMusic */,
				982F8D0B256EAED000A5968F /* Products */,
			);
			sourceTree = "<group>";
		};
		982F8D0B256EAED000A5968F /* Products */ = {
			isa = PBXGroup;
			children = (
				982F8D0A256EAED000A5968F /* ITunesMusic.app */,
			);
			name = Products;
			sourceTree = "<group>";
		};
		982F8D0C256EAED000A5968F /* ITunesMusic */ = {
			isa = PBXGroup;
			children = (
				EE1D39842570E058007D4682 /* StoryBoard&Info */,
				98050C49256F8A87005B32AC /* NetworkService */,
				98050C45256F84A8005B32AC /* Model */,
				982F8D23256EBD5B00A5968F /* View */,
				982F8D0D256EAED000A5968F /* AppDelegate.swift */,
			);
			path = ITunesMusic;
			sourceTree = "<group>";
		};
		982F8D23256EBD5B00A5968F /* View */ = {
			isa = PBXGroup;
			children = (
				98050C42256F3989005B32AC /* Custom */,
				982F8D24256EBED100A5968F /* MusicViewController.swift */,
			);
			path = View;
			sourceTree = "<group>";
		};
		EE1D39842570E058007D4682 /* StoryBoard&Info */ = {
			isa = PBXGroup;
			children = (
				982F8D18256EAED100A5968F /* LaunchScreen.storyboard */,
				982F8D16256EAED100A5968F /* Assets.xcassets */,
				982F8D13256EAED000A5968F /* Main.storyboard */,
				982F8D1B256EAED100A5968F /* Info.plist */,
			);
			path = "StoryBoard&Info";
			sourceTree = "<group>";
		};
/* End PBXGroup section */

/* Begin PBXNativeTarget section */
		982F8D09256EAED000A5968F /* ITunesMusic */ = {
			isa = PBXNativeTarget;
			buildConfigurationList = 982F8D1E256EAED100A5968F /* Build configuration list for PBXNativeTarget "ITunesMusic" */;
			buildPhases = (
				982F8D06256EAED000A5968F /* Sources */,
				982F8D07256EAED000A5968F /* Frameworks */,
				982F8D08256EAED000A5968F /* Resources */,
			);
			buildRules = (
			);
			dependencies = (
			);
			name = ITunesMusic;
			productName = ITunesMusic;
			productReference = 982F8D0A256EAED000A5968F /* ITunesMusic.app */;
			productType = "com.apple.product-type.application";
		};
/* End PBXNativeTarget section */

/* Begin PBXProject section */
		982F8D02256EAED000A5968F /* Project object */ = {
			isa = PBXProject;
			attributes = {
				LastSwiftUpdateCheck = 1170;
				LastUpgradeCheck = 1170;
				ORGANIZATIONNAME = "Manh Blue";
				TargetAttributes = {
					982F8D09256EAED000A5968F = {
						CreatedOnToolsVersion = 11.7;
					};
				};
			};
			buildConfigurationList = 982F8D05256EAED000A5968F /* Build configuration list for PBXProject "ITunesMusic" */;
			compatibilityVersion = "Xcode 9.3";
			developmentRegion = en;
			hasScannedForEncodings = 0;
			knownRegions = (
				en,
				Base,
			);
			mainGroup = 982F8D01256EAED000A5968F;
			productRefGroup = 982F8D0B256EAED000A5968F /* Products */;
			projectDirPath = "";
			projectRoot = "";
			targets = (
				982F8D09256EAED000A5968F /* ITunesMusic */,
			);
		};
/* End PBXProject section */

/* Begin PBXResourcesBuildPhase section */
		982F8D08256EAED000A5968F /* Resources */ = {
			isa = PBXResourcesBuildPhase;
			buildActionMask = 2147483647;
			files = (
				982F8D1A256EAED100A5968F /* LaunchScreen.storyboard in Resources */,
				982F8D17256EAED100A5968F /* Assets.xcassets in Resources */,
				982F8D15256EAED000A5968F /* Main.storyboard in Resources */,
			);
			runOnlyForDeploymentPostprocessing = 0;
		};
/* End PBXResourcesBuildPhase section */

/* Begin PBXSourcesBuildPhase section */
		982F8D06256EAED000A5968F /* Sources */ = {
			isa = PBXSourcesBuildPhase;
			buildActionMask = 2147483647;
			files = (
				98050C4B256F8ABB005B32AC /* DownloadService.swift in Sources */,
				98050C4F256F911E005B32AC /* ErrorMessage.swift in Sources */,
				982F8D25256EBED100A5968F /* MusicViewController.swift in Sources */,
				982F8D0E256EAED000A5968F /* AppDelegate.swift in Sources */,
				98050C44256F39A8005B32AC /* MusicCell.swift in Sources */,
				98050C4D256F8D3A005B32AC /* QueryService.swift in Sources */,
				98050C47256F8936005B32AC /* Music.swift in Sources */,
				98166665257245B6008CBE30 /* NetworkMonitor.swift in Sources */,
				EE1D39832570D236007D4682 /* Extension.swift in Sources */,
			);
			runOnlyForDeploymentPostprocessing = 0;
		};
/* End PBXSourcesBuildPhase section */

/* Begin PBXVariantGroup section */
		982F8D13256EAED000A5968F /* Main.storyboard */ = {
			isa = PBXVariantGroup;
			children = (
				982F8D14256EAED000A5968F /* Base */,
			);
			name = Main.storyboard;
			sourceTree = "<group>";
		};
		982F8D18256EAED100A5968F /* LaunchScreen.storyboard */ = {
			isa = PBXVariantGroup;
			children = (
				982F8D19256EAED100A5968F /* Base */,
			);
			name = LaunchScreen.storyboard;
			sourceTree = "<group>";
		};
/* End PBXVariantGroup section */

/* Begin XCBuildConfiguration section */
		982F8D1C256EAED100A5968F /* Debug */ = {
			isa = XCBuildConfiguration;
			buildSettings = {
				ALWAYS_SEARCH_USER_PATHS = NO;
				CLANG_ANALYZER_NONNULL = YES;
				CLANG_ANALYZER_NUMBER_OBJECT_CONVERSION = YES_AGGRESSIVE;
				CLANG_CXX_LANGUAGE_STANDARD = "gnu++14";
				CLANG_CXX_LIBRARY = "libc++";
				CLANG_ENABLE_MODULES = YES;
				CLANG_ENABLE_OBJC_ARC = YES;
				CLANG_ENABLE_OBJC_WEAK = YES;
				CLANG_WARN_BLOCK_CAPTURE_AUTORELEASING = YES;
				CLANG_WARN_BOOL_CONVERSION = YES;
				CLANG_WARN_COMMA = YES;
				CLANG_WARN_CONSTANT_CONVERSION = YES;
				CLANG_WARN_DEPRECATED_OBJC_IMPLEMENTATIONS = YES;
				CLANG_WARN_DIRECT_OBJC_ISA_USAGE = YES_ERROR;
				CLANG_WARN_DOCUMENTATION_COMMENTS = YES;
				CLANG_WARN_EMPTY_BODY = YES;
				CLANG_WARN_ENUM_CONVERSION = YES;
				CLANG_WARN_INFINITE_RECURSION = YES;
				CLANG_WARN_INT_CONVERSION = YES;
				CLANG_WARN_NON_LITERAL_NULL_CONVERSION = YES;
				CLANG_WARN_OBJC_IMPLICIT_RETAIN_SELF = YES;
				CLANG_WARN_OBJC_LITERAL_CONVERSION = YES;
				CLANG_WARN_OBJC_ROOT_CLASS = YES_ERROR;
				CLANG_WARN_RANGE_LOOP_ANALYSIS = YES;
				CLANG_WARN_STRICT_PROTOTYPES = YES;
				CLANG_WARN_SUSPICIOUS_MOVE = YES;
				CLANG_WARN_UNGUARDED_AVAILABILITY = YES_AGGRESSIVE;
				CLANG_WARN_UNREACHABLE_CODE = YES;
				CLANG_WARN__DUPLICATE_METHOD_MATCH = YES;
				COPY_PHASE_STRIP = NO;
				DEBUG_INFORMATION_FORMAT = dwarf;
				ENABLE_STRICT_OBJC_MSGSEND = YES;
				ENABLE_TESTABILITY = YES;
				GCC_C_LANGUAGE_STANDARD = gnu11;
				GCC_DYNAMIC_NO_PIC = NO;
				GCC_NO_COMMON_BLOCKS = YES;
				GCC_OPTIMIZATION_LEVEL = 0;
				GCC_PREPROCESSOR_DEFINITIONS = (
					"DEBUG=1",
					"$(inherited)",
				);
				GCC_WARN_64_TO_32_BIT_CONVERSION = YES;
				GCC_WARN_ABOUT_RETURN_TYPE = YES_ERROR;
				GCC_WARN_UNDECLARED_SELECTOR = YES;
				GCC_WARN_UNINITIALIZED_AUTOS = YES_AGGRESSIVE;
				GCC_WARN_UNUSED_FUNCTION = YES;
				GCC_WARN_UNUSED_VARIABLE = YES;
				IPHONEOS_DEPLOYMENT_TARGET = 13.7;
				MTL_ENABLE_DEBUG_INFO = INCLUDE_SOURCE;
				MTL_FAST_MATH = YES;
				ONLY_ACTIVE_ARCH = YES;
				SDKROOT = iphoneos;
				SWIFT_ACTIVE_COMPILATION_CONDITIONS = DEBUG;
				SWIFT_OPTIMIZATION_LEVEL = "-Onone";
			};
			name = Debug;
		};
		982F8D1D256EAED100A5968F /* Release */ = {
			isa = XCBuildConfiguration;
			buildSettings = {
				ALWAYS_SEARCH_USER_PATHS = NO;
				CLANG_ANALYZER_NONNULL = YES;
				CLANG_ANALYZER_NUMBER_OBJECT_CONVERSION = YES_AGGRESSIVE;
				CLANG_CXX_LANGUAGE_STANDARD = "gnu++14";
				CLANG_CXX_LIBRARY = "libc++";
				CLANG_ENABLE_MODULES = YES;
				CLANG_ENABLE_OBJC_ARC = YES;
				CLANG_ENABLE_OBJC_WEAK = YES;
				CLANG_WARN_BLOCK_CAPTURE_AUTORELEASING = YES;
				CLANG_WARN_BOOL_CONVERSION = YES;
				CLANG_WARN_COMMA = YES;
				CLANG_WARN_CONSTANT_CONVERSION = YES;
				CLANG_WARN_DEPRECATED_OBJC_IMPLEMENTATIONS = YES;
				CLANG_WARN_DIRECT_OBJC_ISA_USAGE = YES_ERROR;
				CLANG_WARN_DOCUMENTATION_COMMENTS = YES;
				CLANG_WARN_EMPTY_BODY = YES;
				CLANG_WARN_ENUM_CONVERSION = YES;
				CLANG_WARN_INFINITE_RECURSION = YES;
				CLANG_WARN_INT_CONVERSION = YES;
				CLANG_WARN_NON_LITERAL_NULL_CONVERSION = YES;
				CLANG_WARN_OBJC_IMPLICIT_RETAIN_SELF = YES;
				CLANG_WARN_OBJC_LITERAL_CONVERSION = YES;
				CLANG_WARN_OBJC_ROOT_CLASS = YES_ERROR;
				CLANG_WARN_RANGE_LOOP_ANALYSIS = YES;
				CLANG_WARN_STRICT_PROTOTYPES = YES;
				CLANG_WARN_SUSPICIOUS_MOVE = YES;
				CLANG_WARN_UNGUARDED_AVAILABILITY = YES_AGGRESSIVE;
				CLANG_WARN_UNREACHABLE_CODE = YES;
				CLANG_WARN__DUPLICATE_METHOD_MATCH = YES;
				COPY_PHASE_STRIP = NO;
				DEBUG_INFORMATION_FORMAT = "dwarf-with-dsym";
				ENABLE_NS_ASSERTIONS = NO;
				ENABLE_STRICT_OBJC_MSGSEND = YES;
				GCC_C_LANGUAGE_STANDARD = gnu11;
				GCC_NO_COMMON_BLOCKS = YES;
				GCC_WARN_64_TO_32_BIT_CONVERSION = YES;
				GCC_WARN_ABOUT_RETURN_TYPE = YES_ERROR;
				GCC_WARN_UNDECLARED_SELECTOR = YES;
				GCC_WARN_UNINITIALIZED_AUTOS = YES_AGGRESSIVE;
				GCC_WARN_UNUSED_FUNCTION = YES;
				GCC_WARN_UNUSED_VARIABLE = YES;
				IPHONEOS_DEPLOYMENT_TARGET = 13.7;
				MTL_ENABLE_DEBUG_INFO = NO;
				MTL_FAST_MATH = YES;
				SDKROOT = iphoneos;
				SWIFT_COMPILATION_MODE = wholemodule;
				SWIFT_OPTIMIZATION_LEVEL = "-O";
				VALIDATE_PRODUCT = YES;
			};
			name = Release;
		};
		982F8D1F256EAED100A5968F /* Debug */ = {
			isa = XCBuildConfiguration;
			buildSettings = {
				ASSETCATALOG_COMPILER_APPICON_NAME = AppIcon;
				CODE_SIGN_STYLE = Automatic;
				INFOPLIST_FILE = "ITunesMusic/StoryBoard&Info/Info.plist";
				IPHONEOS_DEPLOYMENT_TARGET = 13.5;
				LD_RUNPATH_SEARCH_PATHS = (
					"$(inherited)",
					"@executable_path/Frameworks",
				);
				PRODUCT_BUNDLE_IDENTIFIER = Reminder.ITunesMusic;
				PRODUCT_NAME = "$(TARGET_NAME)";
				SWIFT_VERSION = 5.0;
				TARGETED_DEVICE_FAMILY = "1,2";
			};
			name = Debug;
		};
		982F8D20256EAED100A5968F /* Release */ = {
			isa = XCBuildConfiguration;
			buildSettings = {
				ASSETCATALOG_COMPILER_APPICON_NAME = AppIcon;
				CODE_SIGN_STYLE = Automatic;
				INFOPLIST_FILE = "ITunesMusic/StoryBoard&Info/Info.plist";
				IPHONEOS_DEPLOYMENT_TARGET = 13.5;
				LD_RUNPATH_SEARCH_PATHS = (
					"$(inherited)",
					"@executable_path/Frameworks",
				);
				PRODUCT_BUNDLE_IDENTIFIER = Reminder.ITunesMusic;
				PRODUCT_NAME = "$(TARGET_NAME)";
				SWIFT_VERSION = 5.0;
				TARGETED_DEVICE_FAMILY = "1,2";
			};
			name = Release;
		};
/* End XCBuildConfiguration section */

/* Begin XCConfigurationList section */
		982F8D05256EAED000A5968F /* Build configuration list for PBXProject "ITunesMusic" */ = {
			isa = XCConfigurationList;
			buildConfigurations = (
				982F8D1C256EAED100A5968F /* Debug */,
				982F8D1D256EAED100A5968F /* Release */,
			);
			defaultConfigurationIsVisible = 0;
			defaultConfigurationName = Release;
		};
		982F8D1E256EAED100A5968F /* Build configuration list for PBXNativeTarget "ITunesMusic" */ = {
			isa = XCConfigurationList;
			buildConfigurations = (
				982F8D1F256EAED100A5968F /* Debug */,
				982F8D20256EAED100A5968F /* Release */,
			);
			defaultConfigurationIsVisible = 0;
			defaultConfigurationName = Release;
		};
/* End XCConfigurationList section */
	};
	rootObject = 982F8D02256EAED000A5968F /* Project object */;
}
